
Microsoft Visual Studio Solution File, Format Version 12.00
# Visual Studio 15
VisualStudioVersion = 15.0.28307.539
MinimumVisualStudioVersion = 10.0.40219.1
Project("{FAE04EC0-301F-11D3-BF4B-00C04F79EFBC}") = "FotoCek.Entities", "FotoCek.Entities.csproj", "{DFB23916-2018-43B2-873E-3604899B1A01}"
EndProject
Global
	GlobalSection(SolutionConfigurationPlatforms) = preSolution
		Debug|Any CPU = Debug|Any CPU
		Release|Any CPU = Release|Any CPU
	EndGlobalSection
	GlobalSection(ProjectConfigurationPlatforms) = postSolution
		{DFB23916-2018-43B2-873E-3604899B1A01}.Debug|Any CPU.ActiveCfg = Debug|Any CPU
		{DFB23916-2018-43B2-873E-3604899B1A01}.Debug|Any CPU.Build.0 = Debug|Any CPU
		{DFB23916-2018-43B2-873E-3604899B1A01}.Release|Any CPU.ActiveCfg = Release|Any CPU
		{DFB23916-2018-43B2-873E-3604899B1A01}.Release|Any CPU.Build.0 = Release|Any CPU
	EndGlobalSection
	GlobalSection(SolutionProperties) = preSolution
		HideSolutionNode = FALSE
	EndGlobalSection
	GlobalSection(ExtensibilityGlobals) = postSolution
		SolutionGuid = {4FE1CB5B-27D4-4492-9078-42142805A6FA}
	EndGlobalSection
EndGlobal
